
Microsoft Visual Studio Solution File, Format Version 12.00
# Visual Studio Version 16
VisualStudioVersion = 16.0.30413.136
MinimumVisualStudioVersion = 10.0.40219.1
Project("{9A19103F-16F7-4668-BE54-9A1E7A4F7556}") = "ShopBanHang", "ShopBanHang.csproj", "{7ECB0003-0AE1-451F-B29D-CA6663C1B1CE}"
EndProject
Project("{FAE04EC0-301F-11D3-BF4B-00C04F79EFBC}") = "Shop.Common", "..\Shop.Common\Shop.Common.csproj", "{53657894-0687-4BD3-8C07-5B8742EFCAB2}"
EndProject
Global
	GlobalSection(SolutionConfigurationPlatforms) = preSolution
		Debug|Any CPU = Debug|Any CPU
		Release|Any CPU = Release|Any CPU
	EndGlobalSection
	GlobalSection(ProjectConfigurationPlatforms) = postSolution
		{7ECB0003-0AE1-451F-B29D-CA6663C1B1CE}.Debug|Any CPU.ActiveCfg = Debug|Any CPU
		{7ECB0003-0AE1-451F-B29D-CA6663C1B1CE}.Debug|Any CPU.Build.0 = Debug|Any CPU
		{7ECB0003-0AE1-451F-B29D-CA6663C1B1CE}.Release|Any CPU.ActiveCfg = Release|Any CPU
		{7ECB0003-0AE1-451F-B29D-CA6663C1B1CE}.Release|Any CPU.Build.0 = Release|Any CPU
		{53657894-0687-4BD3-8C07-5B8742EFCAB2}.Debug|Any CPU.ActiveCfg = Debug|Any CPU
		{53657894-0687-4BD3-8C07-5B8742EFCAB2}.Debug|Any CPU.Build.0 = Debug|Any CPU
		{53657894-0687-4BD3-8C07-5B8742EFCAB2}.Release|Any CPU.ActiveCfg = Release|Any CPU
		{53657894-0687-4BD3-8C07-5B8742EFCAB2}.Release|Any CPU.Build.0 = Release|Any CPU
	EndGlobalSection
	GlobalSection(SolutionProperties) = preSolution
		HideSolutionNode = FALSE
	EndGlobalSection
	GlobalSection(ExtensibilityGlobals) = postSolution
		SolutionGuid = {A3D84140-2ED9-4840-8F78-A7F792421E82}
	EndGlobalSection
EndGlobal
